github.com/google/uuid v1.1.5 h1:kxhtnfFVi+rYdOALN0B3k9UT86zVJKfBimRaciULW4I=
github.com/google/uuid v1.1.5/go.mod h1:TIyPZe4MgqvfeYDBFedMoGGpEw/LqOeaOT+nhxU+yHo=
gopkg.in/gorp.v1 v1.7.2 h1:j3DWlAyGVv8whO7AcIWznQ2Yj7yJkn34B8s63GViAAw=
gopkg.in/gorp.v1 v1.7.2/go.mod h1:Wo3h+DBQZIxATwftsglhdD/62zRFPhGhTiu5jUJmCaw=
